
Microsoft Visual Studio Solution File, Format Version 12.00
# Visual Studio 15
VisualStudioVersion = 15.0.28307.271
MinimumVisualStudioVersion = 10.0.40219.1
Project("{FAE04EC0-301F-11D3-BF4B-00C04F79EFBC}") = "Calculator", "Calculator\Calculator.csproj", "{79750996-353E-4719-891C-8BC4855BC6E7}"
EndProject
Global
	GlobalSection(SolutionConfigurationPlatforms) = preSolution
		Debug|Any CPU = Debug|Any CPU
		Release|Any CPU = Release|Any CPU
	EndGlobalSection
	GlobalSection(ProjectConfigurationPlatforms) = postSolution
		{79750996-353E-4719-891C-8BC4855BC6E7}.Debug|Any CPU.ActiveCfg = Debug|Any CPU
		{79750996-353E-4719-891C-8BC4855BC6E7}.Debug|Any CPU.Build.0 = Debug|Any CPU
		{79750996-353E-4719-891C-8BC4855BC6E7}.Release|Any CPU.ActiveCfg = Release|Any CPU
		{79750996-353E-4719-891C-8BC4855BC6E7}.Release|Any CPU.Build.0 = Release|Any CPU
	EndGlobalSection
	GlobalSection(SolutionProperties) = preSolution
		HideSolutionNode = FALSE
	EndGlobalSection
	GlobalSection(ExtensibilityGlobals) = postSolution
		SolutionGuid = {54393657-B0CE-4194-A705-025D24D82E4A}
	EndGlobalSection
EndGlobal
